
Microsoft Visual Studio Solution File, Format Version 12.00
# Visual Studio Version 16
VisualStudioVersion = 16.0.30309.148
MinimumVisualStudioVersion = 10.0.40219.1
Project("{2150E333-8FDC-42A3-9474-1A3956D46DE8}") = "Business", "Business", "{A24D8BD3-FC90-4B23-82DB-D1643E43D087}"
EndProject
Project("{2150E333-8FDC-42A3-9474-1A3956D46DE8}") = "Repository", "Repository", "{A716E7AF-85C2-4FBC-98C5-1B47EB7CA4F1}"
EndProject
Project("{2150E333-8FDC-42A3-9474-1A3956D46DE8}") = "Domain", "Domain", "{80B67C33-82DD-45C1-95FE-6D1E1947ABC4}"
EndProject
Project("{2150E333-8FDC-42A3-9474-1A3956D46DE8}") = "DataContracts", "DataContracts", "{B9CCE4F3-E9D8-428D-90D6-B8AA2635EC0D}"
EndProject
Project("{2150E333-8FDC-42A3-9474-1A3956D46DE8}") = "Core", "Core", "{7416F6DA-72BC-4144-9600-76D6CE3596C1}"
EndProject
Project("{FAE04EC0-301F-11D3-BF4B-00C04F79EFBC}") = "Core", "Core\Core.csproj", "{B609005F-A620-43BE-8BDD-754F2FD0A4EB}"
EndProject
Project("{2150E333-8FDC-42A3-9474-1A3956D46DE8}") = "DomainMappings", "DomainMappings", "{70BA8410-7E66-4B67-9031-D6A1D1576A16}"
EndProject
Project("{2150E333-8FDC-42A3-9474-1A3956D46DE8}") = "Service", "Service", "{282EB987-2042-4562-BA01-278F979154A0}"
EndProject
Project("{FAE04EC0-301F-11D3-BF4B-00C04F79EFBC}") = "AppointmentDataContracts", "DataContracts\AppointmentDataContracts\AppointmentDataContracts.csproj", "{5F383ACE-7CCF-4D3B-B25E-C012190C615B}"
EndProject
Project("{FAE04EC0-301F-11D3-BF4B-00C04F79EFBC}") = "DomainMappings", "Mappings\DomainMappings\DomainMappings.csproj", "{BE97728B-04BD-4E00-A04C-4E1041AD6987}"
EndProject
Project("{FAE04EC0-301F-11D3-BF4B-00C04F79EFBC}") = "Repository", "Repositories\Repository\Repository.csproj", "{0A88BDBF-6C6A-422A-9EB6-5D107412A74B}"
EndProject
Project("{FAE04EC0-301F-11D3-BF4B-00C04F79EFBC}") = "PatientDataContracts", "DataContracts\PatientDataContracts\PatientDataContracts.csproj", "{A3838049-0554-44FF-8103-6F16641E037C}"
EndProject
Project("{FAE04EC0-301F-11D3-BF4B-00C04F79EFBC}") = "ClinicBookingSystemService", "Service\ClinicBookingSystemService\ClinicBookingSystemService.csproj", "{78D63134-1ECC-4FC0-839A-432569A78879}"
EndProject
Project("{FAE04EC0-301F-11D3-BF4B-00C04F79EFBC}") = "ConsoleAppTest", "ConsoleAppTest\ConsoleAppTest.csproj", "{A15D49CB-5BF8-45D4-828B-6B2443586E5B}"
EndProject
Project("{FAE04EC0-301F-11D3-BF4B-00C04F79EFBC}") = "PatientsRepository", "Repositories\PatientRepository\PatientsRepository.csproj", "{7A81FC86-9759-4826-A0B9-4FE9F9DD4840}"
EndProject
Project("{FAE04EC0-301F-11D3-BF4B-00C04F79EFBC}") = "PatientsBusiness", "Business\PatientBusiness\PatientsBusiness.csproj", "{62EC0633-D377-41E0-96B6-02536892F602}"
EndProject
Project("{FAE04EC0-301F-11D3-BF4B-00C04F79EFBC}") = "MiniRio", "MiniRio\MiniRio.csproj", "{EE928889-45E7-4E73-B6DC-3F95A6C7E8D5}"
	ProjectSection(ProjectDependencies) = postProject
		{78D63134-1ECC-4FC0-839A-432569A78879} = {78D63134-1ECC-4FC0-839A-432569A78879}
	EndProjectSection
EndProject
Project("{FAE04EC0-301F-11D3-BF4B-00C04F79EFBC}") = "Domain", "Domain\Domain\Domain.csproj", "{7105973C-47EA-458E-93A7-21755649EF84}"
EndProject
Project("{FAE04EC0-301F-11D3-BF4B-00C04F79EFBC}") = "SpecialtiesRepository", "Repositories\SpecialtieRepository\SpecialtiesRepository.csproj", "{73A0ACFB-92DC-429B-8FEF-9A3EB37F385B}"
EndProject
Project("{FAE04EC0-301F-11D3-BF4B-00C04F79EFBC}") = "SpecialtiesBusiness", "Business\SpecialtiesBusiness\SpecialtiesBusiness.csproj", "{08155F02-B65C-4167-AF57-E69640900AEB}"
EndProject
Project("{FAE04EC0-301F-11D3-BF4B-00C04F79EFBC}") = "ClinicsRepository", "Repositories\ClinicsRepository\ClinicsRepository.csproj", "{BBC90B5B-677C-45DA-8D66-D4FA23499993}"
EndProject
Project("{FAE04EC0-301F-11D3-BF4B-00C04F79EFBC}") = "AppointmentsRepository", "Repositories\AppointmentRepository\AppointmentsRepository.csproj", "{FF6E8C71-D29A-46B9-BBAB-E09E2048F8E6}"
EndProject
Project("{FAE04EC0-301F-11D3-BF4B-00C04F79EFBC}") = "AppointmentTypeRepository", "Repositories\AppointmentTypeRepository\AppointmentTypeRepository.csproj", "{4E83BE49-A6E5-4ACE-B600-8866A6C5C829}"
EndProject
Project("{FAE04EC0-301F-11D3-BF4B-00C04F79EFBC}") = "AppointmentUrgenciesRepository", "Repositories\AppointmentUrgencyRepository\AppointmentUrgenciesRepository.csproj", "{8AEC479E-8299-427A-AE17-E442A6631A66}"
EndProject
Project("{FAE04EC0-301F-11D3-BF4B-00C04F79EFBC}") = "AppointmentsBusiness", "Business\AppointmentsBusiness\AppointmentsBusiness.csproj", "{C1AD754A-E3E6-400E-8D37-C0F600DB35FA}"
EndProject
Project("{FAE04EC0-301F-11D3-BF4B-00C04F79EFBC}") = "ClinicsBusiness", "Business\ClinicBusiness\ClinicsBusiness.csproj", "{54355B92-A8CB-480B-859C-5080F6E4AA0B}"
EndProject
Project("{FAE04EC0-301F-11D3-BF4B-00C04F79EFBC}") = "ClinicSpecialtiesRepository", "Repositories\ClinicSpecialtiesRepository\ClinicSpecialtiesRepository.csproj", "{C6B3F77F-7FE0-401D-90E3-651D3A0CBF0C}"
EndProject
Project("{FAE04EC0-301F-11D3-BF4B-00C04F79EFBC}") = "AppointmentDurationsRespository", "Repositories\AppointmentDurationsRespository\AppointmentDurationsRespository.csproj", "{3AB502D2-4DA0-4F0A-9467-98130F1DEC95}"
EndProject
Global
	GlobalSection(SolutionConfigurationPlatforms) = preSolution
		Debug|Any CPU = Debug|Any CPU
		Release|Any CPU = Release|Any CPU
	EndGlobalSection
	GlobalSection(ProjectConfigurationPlatforms) = postSolution
		{B609005F-A620-43BE-8BDD-754F2FD0A4EB}.Debug|Any CPU.ActiveCfg = Debug|Any CPU
		{B609005F-A620-43BE-8BDD-754F2FD0A4EB}.Debug|Any CPU.Build.0 = Debug|Any CPU
		{B609005F-A620-43BE-8BDD-754F2FD0A4EB}.Release|Any CPU.ActiveCfg = Release|Any CPU
		{B609005F-A620-43BE-8BDD-754F2FD0A4EB}.Release|Any CPU.Build.0 = Release|Any CPU
		{5F383ACE-7CCF-4D3B-B25E-C012190C615B}.Debug|Any CPU.ActiveCfg = Debug|Any CPU
		{5F383ACE-7CCF-4D3B-B25E-C012190C615B}.Debug|Any CPU.Build.0 = Debug|Any CPU
		{5F383ACE-7CCF-4D3B-B25E-C012190C615B}.Release|Any CPU.ActiveCfg = Release|Any CPU
		{5F383ACE-7CCF-4D3B-B25E-C012190C615B}.Release|Any CPU.Build.0 = Release|Any CPU
		{BE97728B-04BD-4E00-A04C-4E1041AD6987}.Debug|Any CPU.ActiveCfg = Debug|Any CPU
		{BE97728B-04BD-4E00-A04C-4E1041AD6987}.Debug|Any CPU.Build.0 = Debug|Any CPU
		{BE97728B-04BD-4E00-A04C-4E1041AD6987}.Release|Any CPU.ActiveCfg = Release|Any CPU
		{BE97728B-04BD-4E00-A04C-4E1041AD6987}.Release|Any CPU.Build.0 = Release|Any CPU
		{0A88BDBF-6C6A-422A-9EB6-5D107412A74B}.Debug|Any CPU.ActiveCfg = Debug|Any CPU
		{0A88BDBF-6C6A-422A-9EB6-5D107412A74B}.Debug|Any CPU.Build.0 = Debug|Any CPU
		{0A88BDBF-6C6A-422A-9EB6-5D107412A74B}.Release|Any CPU.ActiveCfg = Release|Any CPU
		{0A88BDBF-6C6A-422A-9EB6-5D107412A74B}.Release|Any CPU.Build.0 = Release|Any CPU
		{A3838049-0554-44FF-8103-6F16641E037C}.Debug|Any CPU.ActiveCfg = Debug|Any CPU
		{A3838049-0554-44FF-8103-6F16641E037C}.Debug|Any CPU.Build.0 = Debug|Any CPU
		{A3838049-0554-44FF-8103-6F16641E037C}.Release|Any CPU.ActiveCfg = Release|Any CPU
		{A3838049-0554-44FF-8103-6F16641E037C}.Release|Any CPU.Build.0 = Release|Any CPU
		{78D63134-1ECC-4FC0-839A-432569A78879}.Debug|Any CPU.ActiveCfg = Debug|Any CPU
		{78D63134-1ECC-4FC0-839A-432569A78879}.Debug|Any CPU.Build.0 = Debug|Any CPU
		{78D63134-1ECC-4FC0-839A-432569A78879}.Release|Any CPU.ActiveCfg = Release|Any CPU
		{78D63134-1ECC-4FC0-839A-432569A78879}.Release|Any CPU.Build.0 = Release|Any CPU
		{A15D49CB-5BF8-45D4-828B-6B2443586E5B}.Debug|Any CPU.ActiveCfg = Debug|Any CPU
		{A15D49CB-5BF8-45D4-828B-6B2443586E5B}.Debug|Any CPU.Build.0 = Debug|Any CPU
		{A15D49CB-5BF8-45D4-828B-6B2443586E5B}.Release|Any CPU.ActiveCfg = Release|Any CPU
		{A15D49CB-5BF8-45D4-828B-6B2443586E5B}.Release|Any CPU.Build.0 = Release|Any CPU
		{7A81FC86-9759-4826-A0B9-4FE9F9DD4840}.Debug|Any CPU.ActiveCfg = Debug|Any CPU
		{7A81FC86-9759-4826-A0B9-4FE9F9DD4840}.Debug|Any CPU.Build.0 = Debug|Any CPU
		{7A81FC86-9759-4826-A0B9-4FE9F9DD4840}.Release|Any CPU.ActiveCfg = Release|Any CPU
		{7A81FC86-9759-4826-A0B9-4FE9F9DD4840}.Release|Any CPU.Build.0 = Release|Any CPU
		{62EC0633-D377-41E0-96B6-02536892F602}.Debug|Any CPU.ActiveCfg = Debug|Any CPU
		{62EC0633-D377-41E0-96B6-02536892F602}.Debug|Any CPU.Build.0 = Debug|Any CPU
		{62EC0633-D377-41E0-96B6-02536892F602}.Release|Any CPU.ActiveCfg = Release|Any CPU
		{62EC0633-D377-41E0-96B6-02536892F602}.Release|Any CPU.Build.0 = Release|Any CPU
		{EE928889-45E7-4E73-B6DC-3F95A6C7E8D5}.Debug|Any CPU.ActiveCfg = Debug|Any CPU
		{EE928889-45E7-4E73-B6DC-3F95A6C7E8D5}.Debug|Any CPU.Build.0 = Debug|Any CPU
		{EE928889-45E7-4E73-B6DC-3F95A6C7E8D5}.Release|Any CPU.ActiveCfg = Release|Any CPU
		{EE928889-45E7-4E73-B6DC-3F95A6C7E8D5}.Release|Any CPU.Build.0 = Release|Any CPU
		{7105973C-47EA-458E-93A7-21755649EF84}.Debug|Any CPU.ActiveCfg = Debug|Any CPU
		{7105973C-47EA-458E-93A7-21755649EF84}.Debug|Any CPU.Build.0 = Debug|Any CPU
		{7105973C-47EA-458E-93A7-21755649EF84}.Release|Any CPU.ActiveCfg = Release|Any CPU
		{7105973C-47EA-458E-93A7-21755649EF84}.Release|Any CPU.Build.0 = Release|Any CPU
		{73A0ACFB-92DC-429B-8FEF-9A3EB37F385B}.Debug|Any CPU.ActiveCfg = Debug|Any CPU
		{73A0ACFB-92DC-429B-8FEF-9A3EB37F385B}.Debug|Any CPU.Build.0 = Debug|Any CPU
		{73A0ACFB-92DC-429B-8FEF-9A3EB37F385B}.Release|Any CPU.ActiveCfg = Release|Any CPU
		{73A0ACFB-92DC-429B-8FEF-9A3EB37F385B}.Release|Any CPU.Build.0 = Release|Any CPU
		{08155F02-B65C-4167-AF57-E69640900AEB}.Debug|Any CPU.ActiveCfg = Debug|Any CPU
		{08155F02-B65C-4167-AF57-E69640900AEB}.Debug|Any CPU.Build.0 = Debug|Any CPU
		{08155F02-B65C-4167-AF57-E69640900AEB}.Release|Any CPU.ActiveCfg = Release|Any CPU
		{08155F02-B65C-4167-AF57-E69640900AEB}.Release|Any CPU.Build.0 = Release|Any CPU
		{BBC90B5B-677C-45DA-8D66-D4FA23499993}.Debug|Any CPU.ActiveCfg = Debug|Any CPU
		{BBC90B5B-677C-45DA-8D66-D4FA23499993}.Debug|Any CPU.Build.0 = Debug|Any CPU
		{BBC90B5B-677C-45DA-8D66-D4FA23499993}.Release|Any CPU.ActiveCfg = Release|Any CPU
		{BBC90B5B-677C-45DA-8D66-D4FA23499993}.Release|Any CPU.Build.0 = Release|Any CPU
		{FF6E8C71-D29A-46B9-BBAB-E09E2048F8E6}.Debug|Any CPU.ActiveCfg = Debug|Any CPU
		{FF6E8C71-D29A-46B9-BBAB-E09E2048F8E6}.Debug|Any CPU.Build.0 = Debug|Any CPU
		{FF6E8C71-D29A-46B9-BBAB-E09E2048F8E6}.Release|Any CPU.ActiveCfg = Release|Any CPU
		{FF6E8C71-D29A-46B9-BBAB-E09E2048F8E6}.Release|Any CPU.Build.0 = Release|Any CPU
		{4E83BE49-A6E5-4ACE-B600-8866A6C5C829}.Debug|Any CPU.ActiveCfg = Debug|Any CPU
		{4E83BE49-A6E5-4ACE-B600-8866A6C5C829}.Debug|Any CPU.Build.0 = Debug|Any CPU
		{4E83BE49-A6E5-4ACE-B600-8866A6C5C829}.Release|Any CPU.ActiveCfg = Release|Any CPU
		{4E83BE49-A6E5-4ACE-B600-8866A6C5C829}.Release|Any CPU.Build.0 = Release|Any CPU
		{8AEC479E-8299-427A-AE17-E442A6631A66}.Debug|Any CPU.ActiveCfg = Debug|Any CPU
		{8AEC479E-8299-427A-AE17-E442A6631A66}.Debug|Any CPU.Build.0 = Debug|Any CPU
		{8AEC479E-8299-427A-AE17-E442A6631A66}.Release|Any CPU.ActiveCfg = Release|Any CPU
		{8AEC479E-8299-427A-AE17-E442A6631A66}.Release|Any CPU.Build.0 = Release|Any CPU
		{C1AD754A-E3E6-400E-8D37-C0F600DB35FA}.Debug|Any CPU.ActiveCfg = Debug|Any CPU
		{C1AD754A-E3E6-400E-8D37-C0F600DB35FA}.Debug|Any CPU.Build.0 = Debug|Any CPU
		{C1AD754A-E3E6-400E-8D37-C0F600DB35FA}.Release|Any CPU.ActiveCfg = Release|Any CPU
		{C1AD754A-E3E6-400E-8D37-C0F600DB35FA}.Release|Any CPU.Build.0 = Release|Any CPU
		{54355B92-A8CB-480B-859C-5080F6E4AA0B}.Debug|Any CPU.ActiveCfg = Debug|Any CPU
		{54355B92-A8CB-480B-859C-5080F6E4AA0B}.Debug|Any CPU.Build.0 = Debug|Any CPU
		{54355B92-A8CB-480B-859C-5080F6E4AA0B}.Release|Any CPU.ActiveCfg = Release|Any CPU
		{54355B92-A8CB-480B-859C-5080F6E4AA0B}.Release|Any CPU.Build.0 = Release|Any CPU
		{C6B3F77F-7FE0-401D-90E3-651D3A0CBF0C}.Debug|Any CPU.ActiveCfg = Debug|Any CPU
		{C6B3F77F-7FE0-401D-90E3-651D3A0CBF0C}.Debug|Any CPU.Build.0 = Debug|Any CPU
		{C6B3F77F-7FE0-401D-90E3-651D3A0CBF0C}.Release|Any CPU.ActiveCfg = Release|Any CPU
		{C6B3F77F-7FE0-401D-90E3-651D3A0CBF0C}.Release|Any CPU.Build.0 = Release|Any CPU
		{3AB502D2-4DA0-4F0A-9467-98130F1DEC95}.Debug|Any CPU.ActiveCfg = Debug|Any CPU
		{3AB502D2-4DA0-4F0A-9467-98130F1DEC95}.Debug|Any CPU.Build.0 = Debug|Any CPU
		{3AB502D2-4DA0-4F0A-9467-98130F1DEC95}.Release|Any CPU.ActiveCfg = Release|Any CPU
		{3AB502D2-4DA0-4F0A-9467-98130F1DEC95}.Release|Any CPU.Build.0 = Release|Any CPU
	EndGlobalSection
	GlobalSection(SolutionProperties) = preSolution
		HideSolutionNode = FALSE
	EndGlobalSection
	GlobalSection(NestedProjects) = preSolution
		{B609005F-A620-43BE-8BDD-754F2FD0A4EB} = {7416F6DA-72BC-4144-9600-76D6CE3596C1}
		{5F383ACE-7CCF-4D3B-B25E-C012190C615B} = {B9CCE4F3-E9D8-428D-90D6-B8AA2635EC0D}
		{BE97728B-04BD-4E00-A04C-4E1041AD6987} = {70BA8410-7E66-4B67-9031-D6A1D1576A16}
		{0A88BDBF-6C6A-422A-9EB6-5D107412A74B} = {A716E7AF-85C2-4FBC-98C5-1B47EB7CA4F1}
		{A3838049-0554-44FF-8103-6F16641E037C} = {B9CCE4F3-E9D8-428D-90D6-B8AA2635EC0D}
		{78D63134-1ECC-4FC0-839A-432569A78879} = {282EB987-2042-4562-BA01-278F979154A0}
		{A15D49CB-5BF8-45D4-828B-6B2443586E5B} = {7416F6DA-72BC-4144-9600-76D6CE3596C1}
		{7A81FC86-9759-4826-A0B9-4FE9F9DD4840} = {A716E7AF-85C2-4FBC-98C5-1B47EB7CA4F1}
		{62EC0633-D377-41E0-96B6-02536892F602} = {A24D8BD3-FC90-4B23-82DB-D1643E43D087}
		{7105973C-47EA-458E-93A7-21755649EF84} = {80B67C33-82DD-45C1-95FE-6D1E1947ABC4}
		{73A0ACFB-92DC-429B-8FEF-9A3EB37F385B} = {A716E7AF-85C2-4FBC-98C5-1B47EB7CA4F1}
		{08155F02-B65C-4167-AF57-E69640900AEB} = {A24D8BD3-FC90-4B23-82DB-D1643E43D087}
		{BBC90B5B-677C-45DA-8D66-D4FA23499993} = {A716E7AF-85C2-4FBC-98C5-1B47EB7CA4F1}
		{FF6E8C71-D29A-46B9-BBAB-E09E2048F8E6} = {A716E7AF-85C2-4FBC-98C5-1B47EB7CA4F1}
		{4E83BE49-A6E5-4ACE-B600-8866A6C5C829} = {A716E7AF-85C2-4FBC-98C5-1B47EB7CA4F1}
		{8AEC479E-8299-427A-AE17-E442A6631A66} = {A716E7AF-85C2-4FBC-98C5-1B47EB7CA4F1}
		{C1AD754A-E3E6-400E-8D37-C0F600DB35FA} = {A24D8BD3-FC90-4B23-82DB-D1643E43D087}
		{54355B92-A8CB-480B-859C-5080F6E4AA0B} = {A24D8BD3-FC90-4B23-82DB-D1643E43D087}
		{C6B3F77F-7FE0-401D-90E3-651D3A0CBF0C} = {A716E7AF-85C2-4FBC-98C5-1B47EB7CA4F1}
		{3AB502D2-4DA0-4F0A-9467-98130F1DEC95} = {A716E7AF-85C2-4FBC-98C5-1B47EB7CA4F1}
	EndGlobalSection
	GlobalSection(ExtensibilityGlobals) = postSolution
		SolutionGuid = {A407CDF9-3838-4001-AD56-0E9BD73500DF}
	EndGlobalSection
EndGlobal
